
Microsoft Visual Studio Solution File, Format Version 12.00
Project("{FAE04EC0-301F-11D3-BF4B-00C04F79EFBC}") = "TestMod2Lol", "TestMod2Lol.csproj", "{F751137C-42E4-4510-A15C-8635351AB251}"
EndProject
Global
	GlobalSection(SolutionConfigurationPlatforms) = preSolution
		Debug|Any CPU = Debug|Any CPU
		ExportDebug|Any CPU = ExportDebug|Any CPU
		ExportRelease|Any CPU = ExportRelease|Any CPU
	EndGlobalSection
	GlobalSection(ProjectConfigurationPlatforms) = postSolution
		{F751137C-42E4-4510-A15C-8635351AB251}.Debug|Any CPU.ActiveCfg = Debug|Any CPU
		{F751137C-42E4-4510-A15C-8635351AB251}.Debug|Any CPU.Build.0 = Debug|Any CPU
		{F751137C-42E4-4510-A15C-8635351AB251}.ExportDebug|Any CPU.ActiveCfg = ExportDebug|Any CPU
		{F751137C-42E4-4510-A15C-8635351AB251}.ExportDebug|Any CPU.Build.0 = ExportDebug|Any CPU
		{F751137C-42E4-4510-A15C-8635351AB251}.ExportRelease|Any CPU.ActiveCfg = ExportRelease|Any CPU
		{F751137C-42E4-4510-A15C-8635351AB251}.ExportRelease|Any CPU.Build.0 = ExportRelease|Any CPU
	EndGlobalSection
EndGlobal
